
Microsoft Visual Studio Solution File, Format Version 12.00
# Visual Studio Version 16
VisualStudioVersion = 16.0.35229.62
MinimumVisualStudioVersion = 10.0.40219.1
Project("{FAE04EC0-301F-11D3-BF4B-00C04F79EFBC}") = "forth", "forth\forth.csproj", "{8E52D06E-EB38-4D31-89EC-C8E99C25D605}"
EndProject
Global
	GlobalSection(SolutionConfigurationPlatforms) = preSolution
		Debug|Any CPU = Debug|Any CPU
		Release|Any CPU = Release|Any CPU
	EndGlobalSection
	GlobalSection(ProjectConfigurationPlatforms) = postSolution
		{8E52D06E-EB38-4D31-89EC-C8E99C25D605}.Debug|Any CPU.ActiveCfg = Debug|Any CPU
		{8E52D06E-EB38-4D31-89EC-C8E99C25D605}.Debug|Any CPU.Build.0 = Debug|Any CPU
		{8E52D06E-EB38-4D31-89EC-C8E99C25D605}.Release|Any CPU.ActiveCfg = Release|Any CPU
		{8E52D06E-EB38-4D31-89EC-C8E99C25D605}.Release|Any CPU.Build.0 = Release|Any CPU
	EndGlobalSection
	GlobalSection(SolutionProperties) = preSolution
		HideSolutionNode = FALSE
	EndGlobalSection
	GlobalSection(ExtensibilityGlobals) = postSolution
		SolutionGuid = {F033FA7D-79F2-402C-8082-ADBCB8244811}
	EndGlobalSection
EndGlobal
